// !$*UTF8*$!
{
	archiveVersion = 1;
	classes = {
	};
	objectVersion = 46;
	objects = {

/* Begin PBXBuildFile section */
		8B5C9357B23D0363F175C0D2 /* Pods_Try.framework in Frameworks */ = {isa = PBXBuildFile; fileRef = 95FBAB663CE66A480C1BFD06 /* Pods_Try.framework */; };
		990D78181E81281E0026DD5A /* 1509308-a49eee159b747091.png in Resources */ = {isa = PBXBuildFile; fileRef = 990D78171E81281E0026DD5A /* 1509308-a49eee159b747091.png */; };
		990D781B1E8134820026DD5A /* CustomView.m in Sources */ = {isa = PBXBuildFile; fileRef = 990D781A1E8134820026DD5A /* CustomView.m */; };
		9966645C1E8104D8005575CB /* main.m in Sources */ = {isa = PBXBuildFile; fileRef = 9966645B1E8104D8005575CB /* main.m */; };
		9966645F1E8104D8005575CB /* AppDelegate.m in Sources */ = {isa = PBXBuildFile; fileRef = 9966645E1E8104D8005575CB /* AppDelegate.m */; };
		996664621E8104D8005575CB /* ViewController.m in Sources */ = {isa = PBXBuildFile; fileRef = 996664611E8104D8005575CB /* ViewController.m */; };
		996664651E8104D8005575CB /* Main.storyboard in Resources */ = {isa = PBXBuildFile; fileRef = 996664631E8104D8005575CB /* Main.storyboard */; };
		996664671E8104D8005575CB /* Assets.xcassets in Resources */ = {isa = PBXBuildFile; fileRef = 996664661E8104D8005575CB /* Assets.xcassets */; };
		9966646A1E8104D8005575CB /* LaunchScreen.storyboard in Resources */ = {isa = PBXBuildFile; fileRef = 996664681E8104D8005575CB /* LaunchScreen.storyboard */; };
		996664751E8104D8005575CB /* TryTests.m in Sources */ = {isa = PBXBuildFile; fileRef = 996664741E8104D8005575CB /* TryTests.m */; };
		996664801E8104D8005575CB /* TryUITests.m in Sources */ = {isa = PBXBuildFile; fileRef = 9966647F1E8104D8005575CB /* TryUITests.m */; };
		999253BB1E8379CA001ED7AC /* EOCSoundPlayer.m in Sources */ = {isa = PBXBuildFile; fileRef = 999253BA1E8379CA001ED7AC /* EOCSoundPlayer.m */; };
		999253BE1E837DFD001ED7AC /* YXZRectangle.m in Sources */ = {isa = PBXBuildFile; fileRef = 999253BD1E837DFD001ED7AC /* YXZRectangle.m */; };
		999253C11E83813B001ED7AC /* YXZSquare.m in Sources */ = {isa = PBXBuildFile; fileRef = 999253C01E83813B001ED7AC /* YXZSquare.m */; };
		99C864561E82654600B8547F /* AddressBook.framework in Frameworks */ = {isa = PBXBuildFile; fileRef = 99C864551E82654600B8547F /* AddressBook.framework */; };
		99C864591E82655500B8547F /* MainViewController.m in Sources */ = {isa = PBXBuildFile; fileRef = 99C864581E82655500B8547F /* MainViewController.m */; };
/* End PBXBuildFile section */

/* Begin PBXContainerItemProxy section */
		996664711E8104D8005575CB /* PBXContainerItemProxy */ = {
			isa = PBXContainerItemProxy;
			containerPortal = 9966644F1E8104D8005575CB /* Project object */;
			proxyType = 1;
			remoteGlobalIDString = 996664561E8104D8005575CB;
			remoteInfo = Try;
		};
		9966647C1E8104D8005575CB /* PBXContainerItemProxy */ = {
			isa = PBXContainerItemProxy;
			containerPortal = 9966644F1E8104D8005575CB /* Project object */;
			proxyType = 1;
			remoteGlobalIDString = 996664561E8104D8005575CB;
			remoteInfo = Try;
		};
/* End PBXContainerItemProxy section */

/* Begin PBXFileReference section */
		95FBAB663CE66A480C1BFD06 /* Pods_Try.framework */ = {isa = PBXFileReference; explicitFileType = wrapper.framework; includeInIndex = 0; path = Pods_Try.framework; sourceTree = BUILT_PRODUCTS_DIR; };
		990D78171E81281E0026DD5A /* 1509308-a49eee159b747091.png */ = {isa = PBXFileReference; lastKnownFileType = image.png; path = "1509308-a49eee159b747091.png"; sourceTree = "<group>"; };
		990D78191E8134820026DD5A /* CustomView.h */ = {isa = PBXFileReference; fileEncoding = 4; lastKnownFileType = sourcecode.c.h; path = CustomView.h; sourceTree = "<group>"; };
		990D781A1E8134820026DD5A /* CustomView.m */ = {isa = PBXFileReference; fileEncoding = 4; lastKnownFileType = sourcecode.c.objc; path = CustomView.m; sourceTree = "<group>"; };
		996664571E8104D8005575CB /* Try.app */ = {isa = PBXFileReference; explicitFileType = wrapper.application; includeInIndex = 0; path = Try.app; sourceTree = BUILT_PRODUCTS_DIR; };
		9966645B1E8104D8005575CB /* main.m */ = {isa = PBXFileReference; lastKnownFileType = sourcecode.c.objc; path = main.m; sourceTree = "<group>"; };
		9966645D1E8104D8005575CB /* AppDelegate.h */ = {isa = PBXFileReference; lastKnownFileType = sourcecode.c.h; path = AppDelegate.h; sourceTree = "<group>"; };
		9966645E1E8104D8005575CB /* AppDelegate.m */ = {isa = PBXFileReference; lastKnownFileType = sourcecode.c.objc; path = AppDelegate.m; sourceTree = "<group>"; };
		996664601E8104D8005575CB /* ViewController.h */ = {isa = PBXFileReference; lastKnownFileType = sourcecode.c.h; path = ViewController.h; sourceTree = "<group>"; };
		996664611E8104D8005575CB /* ViewController.m */ = {isa = PBXFileReference; lastKnownFileType = sourcecode.c.objc; path = ViewController.m; sourceTree = "<group>"; };
		996664641E8104D8005575CB /* Base */ = {isa = PBXFileReference; lastKnownFileType = file.storyboard; name = Base; path = Base.lproj/Main.storyboard; sourceTree = "<group>"; };
		996664661E8104D8005575CB /* Assets.xcassets */ = {isa = PBXFileReference; lastKnownFileType = folder.assetcatalog; path = Assets.xcassets; sourceTree = "<group>"; };
		996664691E8104D8005575CB /* Base */ = {isa = PBXFileReference; lastKnownFileType = file.storyboard; name = Base; path = Base.lproj/LaunchScreen.storyboard; sourceTree = "<group>"; };
		9966646B1E8104D8005575CB /* Info.plist */ = {isa = PBXFileReference; lastKnownFileType = text.plist.xml; path = Info.plist; sourceTree = "<group>"; };
		996664701E8104D8005575CB /* TryTests.xctest */ = {isa = PBXFileReference; explicitFileType = wrapper.cfbundle; includeInIndex = 0; path = TryTests.xctest; sourceTree = BUILT_PRODUCTS_DIR; };
		996664741E8104D8005575CB /* TryTests.m */ = {isa = PBXFileReference; lastKnownFileType = sourcecode.c.objc; path = TryTests.m; sourceTree = "<group>"; };
		996664761E8104D8005575CB /* Info.plist */ = {isa = PBXFileReference; lastKnownFileType = text.plist.xml; path = Info.plist; sourceTree = "<group>"; };
		9966647B1E8104D8005575CB /* TryUITests.xctest */ = {isa = PBXFileReference; explicitFileType = wrapper.cfbundle; includeInIndex = 0; path = TryUITests.xctest; sourceTree = BUILT_PRODUCTS_DIR; };
		9966647F1E8104D8005575CB /* TryUITests.m */ = {isa = PBXFileReference; lastKnownFileType = sourcecode.c.objc; path = TryUITests.m; sourceTree = "<group>"; };
		996664811E8104D8005575CB /* Info.plist */ = {isa = PBXFileReference; lastKnownFileType = text.plist.xml; path = Info.plist; sourceTree = "<group>"; };
		999253B91E8379CA001ED7AC /* EOCSoundPlayer.h */ = {isa = PBXFileReference; fileEncoding = 4; lastKnownFileType = sourcecode.c.h; path = EOCSoundPlayer.h; sourceTree = "<group>"; };
		999253BA1E8379CA001ED7AC /* EOCSoundPlayer.m */ = {isa = PBXFileReference; fileEncoding = 4; lastKnownFileType = sourcecode.c.objc; path = EOCSoundPlayer.m; sourceTree = "<group>"; };
		999253BC1E837DFD001ED7AC /* YXZRectangle.h */ = {isa = PBXFileReference; fileEncoding = 4; lastKnownFileType = sourcecode.c.h; path = YXZRectangle.h; sourceTree = "<group>"; };
		999253BD1E837DFD001ED7AC /* YXZRectangle.m */ = {isa = PBXFileReference; fileEncoding = 4; lastKnownFileType = sourcecode.c.objc; path = YXZRectangle.m; sourceTree = "<group>"; };
		999253BF1E83813B001ED7AC /* YXZSquare.h */ = {isa = PBXFileReference; fileEncoding = 4; lastKnownFileType = sourcecode.c.h; path = YXZSquare.h; sourceTree = "<group>"; };
		999253C01E83813B001ED7AC /* YXZSquare.m */ = {isa = PBXFileReference; fileEncoding = 4; lastKnownFileType = sourcecode.c.objc; path = YXZSquare.m; sourceTree = "<group>"; };
		99C864551E82654600B8547F /* AddressBook.framework */ = {isa = PBXFileReference; lastKnownFileType = wrapper.framework; name = AddressBook.framework; path = System/Library/Frameworks/AddressBook.framework; sourceTree = SDKROOT; };
		99C864571E82655500B8547F /* MainViewController.h */ = {isa = PBXFileReference; fileEncoding = 4; lastKnownFileType = sourcecode.c.h; path = MainViewController.h; sourceTree = "<group>"; };
		99C864581E82655500B8547F /* MainViewController.m */ = {isa = PBXFileReference; fileEncoding = 4; lastKnownFileType = sourcecode.c.objc; path = MainViewController.m; sourceTree = "<group>"; };
		CEB9DCF91DFDCC79BF367FA8 /* Pods-Try.release.xcconfig */ = {isa = PBXFileReference; includeInIndex = 1; lastKnownFileType = text.xcconfig; name = "Pods-Try.release.xcconfig"; path = "Pods/Target Support Files/Pods-Try/Pods-Try.release.xcconfig"; sourceTree = "<group>"; };
		EA92DCCFD2826B1A9F2D0A67 /* Pods-Try.debug.xcconfig */ = {isa = PBXFileReference; includeInIndex = 1; lastKnownFileType = text.xcconfig; name = "Pods-Try.debug.xcconfig"; path = "Pods/Target Support Files/Pods-Try/Pods-Try.debug.xcconfig"; sourceTree = "<group>"; };
/* End PBXFileReference section */

/* Begin PBXFrameworksBuildPhase section */
		996664541E8104D8005575CB /* Frameworks */ = {
			isa = PBXFrameworksBuildPhase;
			buildActionMask = 2147483647;
			files = (
				99C864561E82654600B8547F /* AddressBook.framework in Frameworks */,
				8B5C9357B23D0363F175C0D2 /* Pods_Try.framework in Frameworks */,
			);
			runOnlyForDeploymentPostprocessing = 0;
		};
		9966646D1E8104D8005575CB /* Frameworks */ = {
			isa = PBXFrameworksBuildPhase;
			buildActionMask = 2147483647;
			files = (
			);
			runOnlyForDeploymentPostprocessing = 0;
		};
		996664781E8104D8005575CB /* Frameworks */ = {
			isa = PBXFrameworksBuildPhase;
			buildActionMask = 2147483647;
			files = (
			);
			runOnlyForDeploymentPostprocessing = 0;
		};
/* End PBXFrameworksBuildPhase section */

/* Begin PBXGroup section */
		99094B471E8515DD007334CB /* FirstTest */ = {
			isa = PBXGroup;
			children = (
				996664601E8104D8005575CB /* ViewController.h */,
				996664611E8104D8005575CB /* ViewController.m */,
				990D78191E8134820026DD5A /* CustomView.h */,
				990D781A1E8134820026DD5A /* CustomView.m */,
				999253B91E8379CA001ED7AC /* EOCSoundPlayer.h */,
				999253BA1E8379CA001ED7AC /* EOCSoundPlayer.m */,
				999253BC1E837DFD001ED7AC /* YXZRectangle.h */,
				999253BD1E837DFD001ED7AC /* YXZRectangle.m */,
				999253BF1E83813B001ED7AC /* YXZSquare.h */,
				999253C01E83813B001ED7AC /* YXZSquare.m */,
				996664631E8104D8005575CB /* Main.storyboard */,
				996664661E8104D8005575CB /* Assets.xcassets */,
				996664681E8104D8005575CB /* LaunchScreen.storyboard */,
			);
			name = FirstTest;
			sourceTree = "<group>";
		};
		99094B481E8515F5007334CB /* Image */ = {
			isa = PBXGroup;
			children = (
				990D78171E81281E0026DD5A /* 1509308-a49eee159b747091.png */,
			);
			name = Image;
			sourceTree = "<group>";
		};
		99094B491E851606007334CB /* SecondTest */ = {
			isa = PBXGroup;
			children = (
			);
			name = SecondTest;
			sourceTree = "<group>";
		};
		9966644E1E8104D8005575CB = {
			isa = PBXGroup;
			children = (
				996664591E8104D8005575CB /* Try */,
				996664731E8104D8005575CB /* TryTests */,
				9966647E1E8104D8005575CB /* TryUITests */,
				996664581E8104D8005575CB /* Products */,
				99C864541E82654600B8547F /* Frameworks */,
				9D6492705FC26DDAA33CC13F /* Pods */,
			);
			sourceTree = "<group>";
		};
		996664581E8104D8005575CB /* Products */ = {
			isa = PBXGroup;
			children = (
				996664571E8104D8005575CB /* Try.app */,
				996664701E8104D8005575CB /* TryTests.xctest */,
				9966647B1E8104D8005575CB /* TryUITests.xctest */,
			);
			name = Products;
			sourceTree = "<group>";
		};
		996664591E8104D8005575CB /* Try */ = {
			isa = PBXGroup;
			children = (
				99094B491E851606007334CB /* SecondTest */,
				99094B481E8515F5007334CB /* Image */,
				99094B471E8515DD007334CB /* FirstTest */,
				9966645D1E8104D8005575CB /* AppDelegate.h */,
				9966645E1E8104D8005575CB /* AppDelegate.m */,
				99C864571E82655500B8547F /* MainViewController.h */,
				99C864581E82655500B8547F /* MainViewController.m */,
				9966646B1E8104D8005575CB /* Info.plist */,
				9966645A1E8104D8005575CB /* Supporting Files */,
			);
			path = Try;
			sourceTree = "<group>";
		};
		9966645A1E8104D8005575CB /* Supporting Files */ = {
			isa = PBXGroup;
			children = (
				9966645B1E8104D8005575CB /* main.m */,
			);
			name = "Supporting Files";
			sourceTree = "<group>";
		};
		996664731E8104D8005575CB /* TryTests */ = {
			isa = PBXGroup;
			children = (
				996664741E8104D8005575CB /* TryTests.m */,
				996664761E8104D8005575CB /* Info.plist */,
			);
			path = TryTests;
			sourceTree = "<group>";
		};
		9966647E1E8104D8005575CB /* TryUITests */ = {
			isa = PBXGroup;
			children = (
				9966647F1E8104D8005575CB /* TryUITests.m */,
				996664811E8104D8005575CB /* Info.plist */,
			);
			path = TryUITests;
			sourceTree = "<group>";
		};
		99C864541E82654600B8547F /* Frameworks */ = {
			isa = PBXGroup;
			children = (
				99C864551E82654600B8547F /* AddressBook.framework */,
				95FBAB663CE66A480C1BFD06 /* Pods_Try.framework */,
			);
			name = Frameworks;
			sourceTree = "<group>";
		};
		9D6492705FC26DDAA33CC13F /* Pods */ = {
			isa = PBXGroup;
			children = (
				EA92DCCFD2826B1A9F2D0A67 /* Pods-Try.debug.xcconfig */,
				CEB9DCF91DFDCC79BF367FA8 /* Pods-Try.release.xcconfig */,
			);
			name = Pods;
			sourceTree = "<group>";
		};
/* End PBXGroup section */

/* Begin PBXNativeTarget section */
		996664561E8104D8005575CB /* Try */ = {
			isa = PBXNativeTarget;
			buildConfigurationList = 996664841E8104D8005575CB /* Build configuration list for PBXNativeTarget "Try" */;
			buildPhases = (
				01C18F3552B9656AF0DB7F91 /* [CP] Check Pods Manifest.lock */,
				996664531E8104D8005575CB /* Sources */,
				996664541E8104D8005575CB /* Frameworks */,
				996664551E8104D8005575CB /* Resources */,
				54D0C34D0E9606C5B4D1D220 /* [CP] Embed Pods Frameworks */,
				7E17018A1EDBA32231B5F523 /* [CP] Copy Pods Resources */,
			);
			buildRules = (
			);
			dependencies = (
			);
			name = Try;
			productName = Try;
			productReference = 996664571E8104D8005575CB /* Try.app */;
			productType = "com.apple.product-type.application";
		};
		9966646F1E8104D8005575CB /* TryTests */ = {
			isa = PBXNativeTarget;
			buildConfigurationList = 996664871E8104D8005575CB /* Build configuration list for PBXNativeTarget "TryTests" */;
			buildPhases = (
				9966646C1E8104D8005575CB /* Sources */,
				9966646D1E8104D8005575CB /* Frameworks */,
				9966646E1E8104D8005575CB /* Resources */,
			);
			buildRules = (
			);
			dependencies = (
				996664721E8104D8005575CB /* PBXTargetDependency */,
			);
			name = TryTests;
			productName = TryTests;
			productReference = 996664701E8104D8005575CB /* TryTests.xctest */;
			productType = "com.apple.product-type.bundle.unit-test";
		};
		9966647A1E8104D8005575CB /* TryUITests */ = {
			isa = PBXNativeTarget;
			buildConfigurationList = 9966648A1E8104D8005575CB /* Build configuration list for PBXNativeTarget "TryUITests" */;
			buildPhases = (
				996664771E8104D8005575CB /* Sources */,
				996664781E8104D8005575CB /* Frameworks */,
				996664791E8104D8005575CB /* Resources */,
			);
			buildRules = (
			);
			dependencies = (
				9966647D1E8104D8005575CB /* PBXTargetDependency */,
			);
			name = TryUITests;
			productName = TryUITests;
			productReference = 9966647B1E8104D8005575CB /* TryUITests.xctest */;
			productType = "com.apple.product-type.bundle.ui-testing";
		};
/* End PBXNativeTarget section */

/* Begin PBXProject section */
		9966644F1E8104D8005575CB /* Project object */ = {
			isa = PBXProject;
			attributes = {
				LastUpgradeCheck = 0820;
				ORGANIZATIONNAME = "李孟东";
				TargetAttributes = {
					996664561E8104D8005575CB = {
						CreatedOnToolsVersion = 8.2.1;
						DevelopmentTeam = 2M7JFX9QX5;
						ProvisioningStyle = Automatic;
					};
					9966646F1E8104D8005575CB = {
						CreatedOnToolsVersion = 8.2.1;
						ProvisioningStyle = Automatic;
						TestTargetID = 996664561E8104D8005575CB;
					};
					9966647A1E8104D8005575CB = {
						CreatedOnToolsVersion = 8.2.1;
						ProvisioningStyle = Automatic;
						TestTargetID = 996664561E8104D8005575CB;
					};
				};
			};
			buildConfigurationList = 996664521E8104D8005575CB /* Build configuration list for PBXProject "Try" */;
			compatibilityVersion = "Xcode 3.2";
			developmentRegion = English;
			hasScannedForEncodings = 0;
			knownRegions = (
				en,
				Base,
			);
			mainGroup = 9966644E1E8104D8005575CB;
			productRefGroup = 996664581E8104D8005575CB /* Products */;
			projectDirPath = "";
			projectRoot = "";
			targets = (
				996664561E8104D8005575CB /* Try */,
				9966646F1E8104D8005575CB /* TryTests */,
				9966647A1E8104D8005575CB /* TryUITests */,
			);
		};
/* End PBXProject section */

/* Begin PBXResourcesBuildPhase section */
		996664551E8104D8005575CB /* Resources */ = {
			isa = PBXResourcesBuildPhase;
			buildActionMask = 2147483647;
			files = (
				990D78181E81281E0026DD5A /* 1509308-a49eee159b747091.png in Resources */,
				9966646A1E8104D8005575CB /* LaunchScreen.storyboard in Resources */,
				996664671E8104D8005575CB /* Assets.xcassets in Resources */,
				996664651E8104D8005575CB /* Main.storyboard in Resources */,
			);
			runOnlyForDeploymentPostprocessing = 0;
		};
		9966646E1E8104D8005575CB /* Resources */ = {
			isa = PBXResourcesBuildPhase;
			buildActionMask = 2147483647;
			files = (
			);
			runOnlyForDeploymentPostprocessing = 0;
		};
		996664791E8104D8005575CB /* Resources */ = {
			isa = PBXResourcesBuildPhase;
			buildActionMask = 2147483647;
			files = (
			);
			runOnlyForDeploymentPostprocessing = 0;
		};
/* End PBXResourcesBuildPhase section */

/* Begin PBXShellScriptBuildPhase section */
		01C18F3552B9656AF0DB7F91 /* [CP] Check Pods Manifest.lock */ = {
			isa = PBXShellScriptBuildPhase;
			buildActionMask = 2147483647;
			files = (
			);
			inputPaths = (
			);
			name = "[CP] Check Pods Manifest.lock";
			outputPaths = (
			);
			runOnlyForDeploymentPostprocessing = 0;
			shellPath = /bin/sh;
			shellScript = "diff \"${PODS_ROOT}/../Podfile.lock\" \"${PODS_ROOT}/Manifest.lock\" > /dev/null\nif [ $? != 0 ] ; then\n    # print error to STDERR\n    echo \"error: The sandbox is not in sync with the Podfile.lock. Run 'pod install' or update your CocoaPods installation.\" >&2\n    exit 1\nfi\n";
			showEnvVarsInLog = 0;
		};
		54D0C34D0E9606C5B4D1D220 /* [CP] Embed Pods Frameworks */ = {
			isa = PBXShellScriptBuildPhase;
			buildActionMask = 2147483647;
			files = (
			);
			inputPaths = (
			);
			name = "[CP] Embed Pods Frameworks";
			outputPaths = (
			);
			runOnlyForDeploymentPostprocessing = 0;
			shellPath = /bin/sh;
			shellScript = "\"${SRCROOT}/Pods/Target Support Files/Pods-Try/Pods-Try-frameworks.sh\"\n";
			showEnvVarsInLog = 0;
		};
		7E17018A1EDBA32231B5F523 /* [CP] Copy Pods Resources */ = {
			isa = PBXShellScriptBuildPhase;
			buildActionMask = 2147483647;
			files = (
			);
			inputPaths = (
			);
			name = "[CP] Copy Pods Resources";
			outputPaths = (
			);
			runOnlyForDeploymentPostprocessing = 0;
			shellPath = /bin/sh;
			shellScript = "\"${SRCROOT}/Pods/Target Support Files/Pods-Try/Pods-Try-resources.sh\"\n";
			showEnvVarsInLog = 0;
		};
/* End PBXShellScriptBuildPhase section */

/* Begin PBXSourcesBuildPhase section */
		996664531E8104D8005575CB /* Sources */ = {
			isa = PBXSourcesBuildPhase;
			buildActionMask = 2147483647;
			files = (
				999253BB1E8379CA001ED7AC /* EOCSoundPlayer.m in Sources */,
				999253BE1E837DFD001ED7AC /* YXZRectangle.m in Sources */,
				999253C11E83813B001ED7AC /* YXZSquare.m in Sources */,
				996664621E8104D8005575CB /* ViewController.m in Sources */,
				990D781B1E8134820026DD5A /* CustomView.m in Sources */,
				9966645F1E8104D8005575CB /* AppDelegate.m in Sources */,
				99C864591E82655500B8547F /* MainViewController.m in Sources */,
				9966645C1E8104D8005575CB /* main.m in Sources */,
			);
			runOnlyForDeploymentPostprocessing = 0;
		};
		9966646C1E8104D8005575CB /* Sources */ = {
			isa = PBXSourcesBuildPhase;
			buildActionMask = 2147483647;
			files = (
				996664751E8104D8005575CB /* TryTests.m in Sources */,
			);
			runOnlyForDeploymentPostprocessing = 0;
		};
		996664771E8104D8005575CB /* Sources */ = {
			isa = PBXSourcesBuildPhase;
			buildActionMask = 2147483647;
			files = (
				996664801E8104D8005575CB /* TryUITests.m in Sources */,
			);
			runOnlyForDeploymentPostprocessing = 0;
		};
/* End PBXSourcesBuildPhase section */

/* Begin PBXTargetDependency section */
		996664721E8104D8005575CB /* PBXTargetDependency */ = {
			isa = PBXTargetDependency;
			target = 996664561E8104D8005575CB /* Try */;
			targetProxy = 996664711E8104D8005575CB /* PBXContainerItemProxy */;
		};
		9966647D1E8104D8005575CB /* PBXTargetDependency */ = {
			isa = PBXTargetDependency;
			target = 996664561E8104D8005575CB /* Try */;
			targetProxy = 9966647C1E8104D8005575CB /* PBXContainerItemProxy */;
		};
/* End PBXTargetDependency section */

/* Begin PBXVariantGroup section */
		996664631E8104D8005575CB /* Main.storyboard */ = {
			isa = PBXVariantGroup;
			children = (
				996664641E8104D8005575CB /* Base */,
			);
			name = Main.storyboard;
			sourceTree = "<group>";
		};
		996664681E8104D8005575CB /* LaunchScreen.storyboard */ = {
			isa = PBXVariantGroup;
			children = (
				996664691E8104D8005575CB /* Base */,
			);
			name = LaunchScreen.storyboard;
			sourceTree = "<group>";
		};
/* End PBXVariantGroup section */

/* Begin XCBuildConfiguration section */
		996664821E8104D8005575CB /* Debug */ = {
			isa = XCBuildConfiguration;
			buildSettings = {
				ALWAYS_SEARCH_USER_PATHS = NO;
				CLANG_ANALYZER_NONNULL = YES;
				CLANG_CXX_LANGUAGE_STANDARD = "gnu++0x";
				CLANG_CXX_LIBRARY = "libc++";
				CLANG_ENABLE_MODULES = YES;
				CLANG_ENABLE_OBJC_ARC = YES;
				CLANG_WARN_BOOL_CONVERSION = YES;
				CLANG_WARN_CONSTANT_CONVERSION = YES;
				CLANG_WARN_DIRECT_OBJC_ISA_USAGE = YES_ERROR;
				CLANG_WARN_DOCUMENTATION_COMMENTS = YES;
				CLANG_WARN_EMPTY_BODY = YES;
				CLANG_WARN_ENUM_CONVERSION = YES;
				CLANG_WARN_INFINITE_RECURSION = YES;
				CLANG_WARN_INT_CONVERSION = YES;
				CLANG_WARN_OBJC_ROOT_CLASS = YES_ERROR;
				CLANG_WARN_SUSPICIOUS_MOVE = YES;
				CLANG_WARN_UNREACHABLE_CODE = YES;
				CLANG_WARN__DUPLICATE_METHOD_MATCH = YES;
				"CODE_SIGN_IDENTITY[sdk=iphoneos*]" = "iPhone Developer";
				COPY_PHASE_STRIP = NO;
				DEBUG_INFORMATION_FORMAT = dwarf;
				ENABLE_STRICT_OBJC_MSGSEND = YES;
				ENABLE_TESTABILITY = YES;
				GCC_C_LANGUAGE_STANDARD = gnu99;
				GCC_DYNAMIC_NO_PIC = NO;
				GCC_NO_COMMON_BLOCKS = YES;
				GCC_OPTIMIZATION_LEVEL = 0;
				GCC_PREPROCESSOR_DEFINITIONS = (
					"DEBUG=1",
					"$(inherited)",
				);
				GCC_WARN_64_TO_32_BIT_CONVERSION = YES;
				GCC_WARN_ABOUT_RETURN_TYPE = YES_ERROR;
				GCC_WARN_UNDECLARED_SELECTOR = YES;
				GCC_WARN_UNINITIALIZED_AUTOS = YES_AGGRESSIVE;
				GCC_WARN_UNUSED_FUNCTION = YES;
				GCC_WARN_UNUSED_VARIABLE = YES;
				IPHONEOS_DEPLOYMENT_TARGET = 10.2;
				MTL_ENABLE_DEBUG_INFO = YES;
				ONLY_ACTIVE_ARCH = YES;
				SDKROOT = iphoneos;
			};
			name = Debug;
		};
		996664831E8104D8005575CB /* Release */ = {
			isa = XCBuildConfiguration;
			buildSettings = {
				ALWAYS_SEARCH_USER_PATHS = NO;
				CLANG_ANALYZER_NONNULL = YES;
				CLANG_CXX_LANGUAGE_STANDARD = "gnu++0x";
				CLANG_CXX_LIBRARY = "libc++";
				CLANG_ENABLE_MODULES = YES;
				CLANG_ENABLE_OBJC_ARC = YES;
				CLANG_WARN_BOOL_CONVERSION = YES;
				CLANG_WARN_CONSTANT_CONVERSION = YES;
				CLANG_WARN_DIRECT_OBJC_ISA_USAGE = YES_ERROR;
				CLANG_WARN_DOCUMENTATION_COMMENTS = YES;
				CLANG_WARN_EMPTY_BODY = YES;
				CLANG_WARN_ENUM_CONVERSION = YES;
				CLANG_WARN_INFINITE_RECURSION = YES;
				CLANG_WARN_INT_CONVERSION = YES;
				CLANG_WARN_OBJC_ROOT_CLASS = YES_ERROR;
				CLANG_WARN_SUSPICIOUS_MOVE = YES;
				CLANG_WARN_UNREACHABLE_CODE = YES;
				CLANG_WARN__DUPLICATE_METHOD_MATCH = YES;
				"CODE_SIGN_IDENTITY[sdk=iphoneos*]" = "iPhone Developer";
				COPY_PHASE_STRIP = NO;
				DEBUG_INFORMATION_FORMAT = "dwarf-with-dsym";
				ENABLE_NS_ASSERTIONS = NO;
				ENABLE_STRICT_OBJC_MSGSEND = YES;
				GCC_C_LANGUAGE_STANDARD = gnu99;
				GCC_NO_COMMON_BLOCKS = YES;
				GCC_WARN_64_TO_32_BIT_CONVERSION = YES;
				GCC_WARN_ABOUT_RETURN_TYPE = YES_ERROR;
				GCC_WARN_UNDECLARED_SELECTOR = YES;
				GCC_WARN_UNINITIALIZED_AUTOS = YES_AGGRESSIVE;
				GCC_WARN_UNUSED_FUNCTION = YES;
				GCC_WARN_UNUSED_VARIABLE = YES;
				IPHONEOS_DEPLOYMENT_TARGET = 10.2;
				MTL_ENABLE_DEBUG_INFO = NO;
				SDKROOT = iphoneos;
				VALIDATE_PRODUCT = YES;
			};
			name = Release;
		};
		996664851E8104D8005575CB /* Debug */ = {
			isa = XCBuildConfiguration;
			baseConfigurationReference = EA92DCCFD2826B1A9F2D0A67 /* Pods-Try.debug.xcconfig */;
			buildSettings = {
				ASSETCATALOG_COMPILER_APPICON_NAME = AppIcon;
				DEVELOPMENT_TEAM = 2M7JFX9QX5;
				INFOPLIST_FILE = Try/Info.plist;
				IPHONEOS_DEPLOYMENT_TARGET = 8.1;
				LD_RUNPATH_SEARCH_PATHS = "$(inherited) @executable_path/Frameworks";
				PRODUCT_BUNDLE_IDENTIFIER = yunxiezuo.Try;
				PRODUCT_NAME = "$(TARGET_NAME)";
			};
			name = Debug;
		};
		996664861E8104D8005575CB /* Release */ = {
			isa = XCBuildConfiguration;
			baseConfigurationReference = CEB9DCF91DFDCC79BF367FA8 /* Pods-Try.release.xcconfig */;
			buildSettings = {
				ASSETCATALOG_COMPILER_APPICON_NAME = AppIcon;
				DEVELOPMENT_TEAM = 2M7JFX9QX5;
				INFOPLIST_FILE = Try/Info.plist;
				IPHONEOS_DEPLOYMENT_TARGET = 8.1;
				LD_RUNPATH_SEARCH_PATHS = "$(inherited) @executable_path/Frameworks";
				PRODUCT_BUNDLE_IDENTIFIER = yunxiezuo.Try;
				PRODUCT_NAME = "$(TARGET_NAME)";
			};
			name = Release;
		};
		996664881E8104D8005575CB /* Debug */ = {
			isa = XCBuildConfiguration;
			buildSettings = {
				BUNDLE_LOADER = "$(TEST_HOST)";
				INFOPLIST_FILE = TryTests/Info.plist;
				LD_RUNPATH_SEARCH_PATHS = "$(inherited) @executable_path/Frameworks @loader_path/Frameworks";
				PRODUCT_BUNDLE_IDENTIFIER = yunxiezuo.TryTests;
				PRODUCT_NAME = "$(TARGET_NAME)";
				TEST_HOST = "$(BUILT_PRODUCTS_DIR)/Try.app/Try";
			};
			name = Debug;
		};
		996664891E8104D8005575CB /* Release */ = {
			isa = XCBuildConfiguration;
			buildSettings = {
				BUNDLE_LOADER = "$(TEST_HOST)";
				INFOPLIST_FILE = TryTests/Info.plist;
				LD_RUNPATH_SEARCH_PATHS = "$(inherited) @executable_path/Frameworks @loader_path/Frameworks";
				PRODUCT_BUNDLE_IDENTIFIER = yunxiezuo.TryTests;
				PRODUCT_NAME = "$(TARGET_NAME)";
				TEST_HOST = "$(BUILT_PRODUCTS_DIR)/Try.app/Try";
			};
			name = Release;
		};
		9966648B1E8104D8005575CB /* Debug */ = {
			isa = XCBuildConfiguration;
			buildSettings = {
				INFOPLIST_FILE = TryUITests/Info.plist;
				LD_RUNPATH_SEARCH_PATHS = "$(inherited) @executable_path/Frameworks @loader_path/Frameworks";
				PRODUCT_BUNDLE_IDENTIFIER = yunxiezuo.TryUITests;
				PRODUCT_NAME = "$(TARGET_NAME)";
				TEST_TARGET_NAME = Try;
			};
			name = Debug;
		};
		9966648C1E8104D8005575CB /* Release */ = {
			isa = XCBuildConfiguration;
			buildSettings = {
				INFOPLIST_FILE = TryUITests/Info.plist;
				LD_RUNPATH_SEARCH_PATHS = "$(inherited) @executable_path/Frameworks @loader_path/Frameworks";
				PRODUCT_BUNDLE_IDENTIFIER = yunxiezuo.TryUITests;
				PRODUCT_NAME = "$(TARGET_NAME)";
				TEST_TARGET_NAME = Try;
			};
			name = Release;
		};
/* End XCBuildConfiguration section */

/* Begin XCConfigurationList section */
		996664521E8104D8005575CB /* Build configuration list for PBXProject "Try" */ = {
			isa = XCConfigurationList;
			buildConfigurations = (
				996664821E8104D8005575CB /* Debug */,
				996664831E8104D8005575CB /* Release */,
			);
			defaultConfigurationIsVisible = 0;
			defaultConfigurationName = Release;
		};
		996664841E8104D8005575CB /* Build configuration list for PBXNativeTarget "Try" */ = {
			isa = XCConfigurationList;
			buildConfigurations = (
				996664851E8104D8005575CB /* Debug */,
				996664861E8104D8005575CB /* Release */,
			);
			defaultConfigurationIsVisible = 0;
			defaultConfigurationName = Release;
		};
		996664871E8104D8005575CB /* Build configuration list for PBXNativeTarget "TryTests" */ = {
			isa = XCConfigurationList;
			buildConfigurations = (
				996664881E8104D8005575CB /* Debug */,
				996664891E8104D8005575CB /* Release */,
			);
			defaultConfigurationIsVisible = 0;
			defaultConfigurationName = Release;
		};
		9966648A1E8104D8005575CB /* Build configuration list for PBXNativeTarget "TryUITests" */ = {
			isa = XCConfigurationList;
			buildConfigurations = (
				9966648B1E8104D8005575CB /* Debug */,
				9966648C1E8104D8005575CB /* Release */,
			);
			defaultConfigurationIsVisible = 0;
			defaultConfigurationName = Release;
		};
/* End XCConfigurationList section */
	};
	rootObject = 9966644F1E8104D8005575CB /* Project object */;
}
